lockfileVersion: '9.0'

settings:
  autoInstallPeers: true
  excludeLinksFromLockfile: false

importers:

  .:
    dependencies:
      '@frontend/shadcn':
        specifier: workspace:*
        version: link:../../packages/shadcn
      '@frontend/ui-shared':
        specifier: workspace:*
        version: link:../../packages/ui-shared
      '@giphy/js-fetch-api':
        specifier: ^5.7.0
        version: 5.7.0
      '@giphy/react-components':
        specifier: ^10.1.0
        version: 10.1.0(react-dom@19.0.0(react@19.0.0))(react@19.0.0)(styled-components@6.1.19(react-dom@19.0.0(react@19.0.0))(react@19.0.0))
      canvas-confetti:
        specifier: ^1.9.3
        version: 1.9.3
      react:
        specifier: 19.0.0
        version: 19.0.0
      react-dom:
        specifier: 19.0.0
        version: 19.0.0(react@19.0.0)
      react-router:
        specifier: ^7.9.4
        version: 7.9.4(react-dom@19.0.0(react@19.0.0))(react@19.0.0)
      tslib:
        specifier: ^2.8.1
        version: 2.8.1
    devDependencies:
      '@types/canvas-confetti':
        specifier: ^1.9.0
        version: 1.9.0

packages:

  '@babel/runtime@7.28.4':
    resolution: {integrity: sha512-Q/N6JNWvIvPnLDvjlE1OUBLPQHH6l3CltCEsHIujp45zQUSSh8K+gHnaEX45yAT1nyngnINhvWtzN+Nb9D8RAQ==}
    engines: {node: '>=6.9.0'}

  '@emotion/is-prop-valid@1.2.2':
    resolution: {integrity: sha512-uNsoYd37AFmaCdXlg6EYD1KaPOaRWRByMCYzbKUX4+hhMfrxdVSelShywL4JVaAeM/eHUOSprYBQls+/neX3pw==}

  '@emotion/memoize@0.8.1':
    resolution: {integrity: sha512-W2P2c/VRW1/1tLox0mVUalvnWXxavmv/Oum2aPsRcoDJuob75FC3Y8FbpfLwUegRcxINtGUMPq0tFCvYNTBXNA==}

  '@emotion/unitless@0.8.1':
    resolution: {integrity: sha512-KOEGMu6dmJZtpadb476IsZBclKvILjopjUii3V+7MnXIQCYh8W3NgNcgwo21n9LXZX6EDIKvqfjYxXebDwxKmQ==}

  '@giphy/colors@1.0.1':
    resolution: {integrity: sha512-CMUY2UR8Ujl/wTRVjwu9spss6Cf2qkQNATKfoWCTWQp7CXdSfPWUDepp0c0/F0n7lYphLFvD9qzOC4NSdBt7nw==}

  '@giphy/js-analytics@5.0.0':
    resolution: {integrity: sha512-jBZG6OqyMWB6meLi8Sz3iLplXYnhkbj+DJhS4ChmRX8Y6UA7i5dbbsUN/So1s7tTjhZOvu0rxA6rWJE73S1FvQ==}

  '@giphy/js-fetch-api@5.7.0':
    resolution: {integrity: sha512-5W8j7QUEnWRhW2KKlRhwHNCz0HwUeW0SlFryKFrqzE5XB8kjoAwZ2GvwtLNnkpjN0cniLE+bSGAzMKcL5Bt5Vg==}

  '@giphy/js-types@5.1.0':
    resolution: {integrity: sha512-BZYCDtYNRR7cUWkbDLB4wmm3qmWMsVCQdUiBNOfmZ3yAazCgygKJoDI/5Rq4CK5MBaOc5LVdF8viC2WtoBdaPA==}

  '@giphy/js-util@5.2.0':
    resolution: {integrity: sha512-Qt7pGh2cqiNmXLeWAgb459wK8+BuMLtIxTfg4ZksnPHPsLthiHT9hhzs2QhqUh7Pp/HOq+Cbv2etGDfnq+xiKA==}

  '@giphy/react-components@10.1.0':
    resolution: {integrity: sha512-MVtLwLBkYs75gs5OMEcr+c5Ld3Xg0wtvgF06jHk6xQPWWj/801WwYPEOndATkHnKAojiZb2YKc9RJm2XdPYJfw==}
    peerDependencies:
      react: 18 - 19
      styled-components: '>= 5'

  '@jridgewell/sourcemap-codec@1.5.5':
    resolution: {integrity: sha512-cYQ9310grqxueWbl+WuIUIaiUaDcj7WOq5fVhEljNVgRfOUhY9fy2zTvfoqWsnebh8Sl70VScFbICvJnLKB0Og==}

  '@types/canvas-confetti@1.9.0':
    resolution: {integrity: sha512-aBGj/dULrimR1XDZLtG9JwxX1b4HPRF6CX9Yfwh3NvstZEm1ZL7RBnel4keCPSqs1ANRu1u2Aoz9R+VmtjYuTg==}

  '@types/js-cookie@2.2.7':
    resolution: {integrity: sha512-aLkWa0C0vO5b4Sr798E26QgOkss68Un0bLjs7u9qxzPT5CG+8DuNTffWES58YzJs3hrVAOs1wonycqEBqNJubA==}

  '@types/stylis@4.2.5':
    resolution: {integrity: sha512-1Xve+NMN7FWjY14vLoY5tL3BVEQ/n42YLwaqJIPYhotZ9uBHt87VceMwWQpzmdEt2TNXIorIFG+YeCUUW7RInw==}

  '@xobotyi/scrollbar-width@1.9.5':
    resolution: {integrity: sha512-N8tkAACJx2ww8vFMneJmaAgmjAG1tnVBZJRLRcx061tmsLRZHSEZSLuGWnwPtunsSLvSqXQ2wfp7Mgqg1I+2dQ==}

  append-query@2.1.1:
    resolution: {integrity: sha512-adm0E8o1o7ay+HbkWvGIpNNeciLB/rxJ0heThHuzSSVq5zcdQ5/ZubFnUoY0imFmk6gZVghSpwoubLVtwi9EHQ==}

  camelize@1.0.1:
    resolution: {integrity: sha512-dU+Tx2fsypxTgtLoE36npi3UqcjSSMNYfkqgmoEhtZrraP5VWq0K7FkWVTYa8eMPtnU/G2txVsfdCJTn9uzpuQ==}

  canvas-confetti@1.9.3:
    resolution: {integrity: sha512-rFfTURMvmVEX1gyXFgn5QMn81bYk70qa0HLzcIOSVEyl57n6o9ItHeBtUSWdvKAPY0xlvBHno4/v3QPrT83q9g==}

  cookie@1.0.2:
    resolution: {integrity: sha512-9Kr/j4O16ISv8zBBhJoi4bXOYNTkFLOqSL3UDB0njXxCXNezjeyVrJyGOWtgfs/q2km1gwBcfH8q1yEGoMYunA==}
    engines: {node: '>=18'}

  copy-to-clipboard@3.3.3:
    resolution: {integrity: sha512-2KV8NhB5JqC3ky0r9PMCAZKbUHSwtEo4CwCs0KXgruG43gX5PMqDEBbVU4OUzw2MuAWUfsuFmWvEKG5QRfSnJA==}

  css-color-keywords@1.0.0:
    resolution: {integrity: sha512-FyyrDHZKEjXDpNJYvVsV960FiqQyXc/LlYmsxl2BcdMb2WPx0OGRVgTg55rPSyLSNMqP52R9r8geSp7apN3Ofg==}
    engines: {node: '>=4'}

  css-in-js-utils@3.1.0:
    resolution: {integrity: sha512-fJAcud6B3rRu+KHYk+Bwf+WFL2MDCJJ1XG9x137tJQ0xYxor7XziQtuGFbWNdqrvF4Tk26O3H73nfVqXt/fW1A==}

  css-to-react-native@3.2.0:
    resolution: {integrity: sha512-e8RKaLXMOFii+02mOlqwjbD00KSEKqblnpO9e++1aXS1fPQOpS1YoqdVHBqPjHNoxeF2mimzVqawm2KCbEdtHQ==}

  css-tree@1.1.3:
    resolution: {integrity: sha512-tRpdppF7TRazZrjJ6v3stzv93qxRcSsFmW6cX0Zm2NVKpxE1WV1HblnghVv9TreireHkqI/VDEsfolRF1p6y7Q==}
    engines: {node: '>=8.0.0'}

  csstype@3.1.3:
    resolution: {integrity: sha512-M1uQkMl8rQK/szD0LNhtqxIPLpimGm8sOBwU7lLnCpSbTyY3yeU1Vc7l4KT5zT4s/yOxHH5O7tIuuLOCnLADRw==}

  error-stack-parser@2.1.4:
    resolution: {integrity: sha512-Sk5V6wVazPhq5MhpO+AUxJn5x7XSXGl1R93Vn7i+zS15KDVxQijejNCrz8340/2bgLBjR9GtEG8ZVKONDjcqGQ==}

  extend@3.0.2:
    resolution: {integrity: sha512-fjquC59cD7CyW6urNXK0FBufkZcoiGG80wTuPujX590cB5Ttln20E2UB4S/WARVqhXffZl2LNgS+gQdPIIim/g==}

  fast-deep-equal@3.1.3:
    resolution: {integrity: sha512-f3qQ9oQy9j2AhBe/H9VC91wLmKBCCU/gDOnKNAYG5hswO7BLKj09Hc5HYNz9cGI++xlpDCIgDaitVs03ATR84Q==}

  fast-shallow-equal@1.0.0:
    resolution: {integrity: sha512-HPtaa38cPgWvaCFmRNhlc6NG7pv6NUHqjPgVAkWGoB9mQMwYB27/K0CvOM5Czy+qpT3e8XJ6Q4aPAnzpNpzNaw==}

  fastest-stable-stringify@2.0.2:
    resolution: {integrity: sha512-bijHueCGd0LqqNK9b5oCMHc0MluJAx0cwqASgbWMvkO01lCYgIhacVRLcaDz3QnyYIRNJRDwMb41VuT6pHJ91Q==}

  hyphenate-style-name@1.1.0:
    resolution: {integrity: sha512-WDC/ui2VVRrz3jOVi+XtjqkDjiVjTtFaAGiW37k6b+ohyQ5wYDOGkvCZa8+H0nx3gyvv0+BST9xuOgIyGQ00gw==}

  inline-style-prefixer@7.0.1:
    resolution: {integrity: sha512-lhYo5qNTQp3EvSSp3sRvXMbVQTLrvGV6DycRMJ5dm2BLMiJ30wpXKdDdgX+GmJZ5uQMucwRKHamXSst3Sj/Giw==}

  intersection-observer@0.12.2:
    resolution: {integrity: sha512-7m1vEcPCxXYI8HqnL8CKI6siDyD+eIWSwgB3DZA+ZTogxk9I4CDnj4wilt9x/+/QbHI4YG5YZNmC6458/e9Ktg==}
    deprecated: The Intersection Observer polyfill is no longer needed and can safely be removed. Intersection Observer has been Baseline since 2019.

  js-cookie@2.2.1:
    resolution: {integrity: sha512-HvdH2LzI/EAZcUwA8+0nKNtWHqS+ZmijLA30RwZA0bo7ToCckjK5MkGhjED9KoRcXO6BaGI3I9UIzSA1FKFPOQ==}

  mdn-data@2.0.14:
    resolution: {integrity: sha512-dn6wd0uw5GsdswPFfsgMp5NSB0/aDe6fK94YJV/AJDYXL6HVLWBsxeq7js7Ad+mU2K9LAlwpk6kN2D5mwCPVow==}

  nano-css@5.6.2:
    resolution: {integrity: sha512-+6bHaC8dSDGALM1HJjOHVXpuastdu2xFoZlC77Jh4cg+33Zcgm+Gxd+1xsnpZK14eyHObSp82+ll5y3SX75liw==}
    peerDependencies:
      react: '*'
      react-dom: '*'

  nanoid@3.3.11:
    resolution: {integrity: sha512-N8SpfPUnUp1bK+PMYW8qSWdl9U+wwNWI4QKxOYDy9JAro3WMX7p2OeVRF9v+347pnakNevPmiHhNmZ2HbFA76w==}
    engines: {node: ^10 || ^12 || ^13.7 || ^14 || >=15.0.1}
    hasBin: true

  picocolors@1.1.1:
    resolution: {integrity: sha512-xceH2snhtb5M9liqDsmEw56le376mTZkEX/jEb/RxNFyegNul7eNslCXP9FDj/Lcu0X8KEyMceP2ntpaHrDEVA==}

  postcss-value-parser@4.2.0:
    resolution: {integrity: sha512-1NNCs6uurfkVbeXG4S8JFT9t19m45ICnif8zWLd5oPSZ50QnwMfK+H3jv408d4jw/7Bttv5axS5IiHoLaVNHeQ==}

  postcss@8.4.49:
    resolution: {integrity: sha512-OCVPnIObs4N29kxTjzLfUryOkvZEq+pf8jTF0lg8E7uETuWHA+v7j3c/xJmiqpX450191LlmZfUKkXxkTry7nA==}
    engines: {node: ^10 || ^12 || >=14}

  react-dom@19.0.0:
    resolution: {integrity: sha512-4GV5sHFG0e/0AD4X+ySy6UJd3jVl1iNsNHdpad0qhABJ11twS3TTBnseqsKurKcsNqCEFeGL3uLpVChpIO3QfQ==}
    peerDependencies:
      react: ^19.0.0

  react-router@7.9.4:
    resolution: {integrity: sha512-SD3G8HKviFHg9xj7dNODUKDFgpG4xqD5nhyd0mYoB5iISepuZAvzSr8ywxgxKJ52yRzf/HWtVHc9AWwoTbljvA==}
    engines: {node: '>=20.0.0'}
    peerDependencies:
      react: '>=18'
      react-dom: '>=18'
    peerDependenciesMeta:
      react-dom:
        optional: true

  react-universal-interface@0.6.2:
    resolution: {integrity: sha512-dg8yXdcQmvgR13RIlZbTRQOoUrDciFVoSBZILwjE2LFISxZZ8loVJKAkuzswl5js8BHda79bIb2b84ehU8IjXw==}
    peerDependencies:
      react: '*'
      tslib: '*'

  react-use@17.6.0:
    resolution: {integrity: sha512-OmedEScUMKFfzn1Ir8dBxiLLSOzhKe/dPZwVxcujweSj45aNM7BEGPb9BEVIgVEqEXx6f3/TsXzwIktNgUR02g==}
    peerDependencies:
      react: '*'
      react-dom: '*'

  react@19.0.0:
    resolution: {integrity: sha512-V8AVnmPIICiWpGfm6GLzCR/W5FXLchHop40W4nXBmdlEceh16rCN8O8LNWm5bh5XUX91fh7KpA+W0TgMKmgTpQ==}
    engines: {node: '>=0.10.0'}

  resize-observer-polyfill@1.5.1:
    resolution: {integrity: sha512-LwZrotdHOo12nQuZlHEmtuXdqGoOD0OhaxopaNFxWzInpEgaLWoVuAMbTzixuosCx2nEG58ngzW3vxdWoxIgdg==}

  rtl-css-js@1.16.1:
    resolution: {integrity: sha512-lRQgou1mu19e+Ya0LsTvKrVJ5TYUbqCVPAiImX3UfLTenarvPUl1QFdvu5Z3PYmHT9RCcwIfbjRQBntExyj3Zg==}

  scheduler@0.25.0:
    resolution: {integrity: sha512-xFVuu11jh+xcO7JOAGJNOXld8/TcEHK/4CituBUeUb5hqxJLj9YuemAEuvm9gQ/+pgXYfbQuqAkiYu+u7YEsNA==}

  screenfull@5.2.0:
    resolution: {integrity: sha512-9BakfsO2aUQN2K9Fdbj87RJIEZ82Q9IGim7FqM5OsebfoFC6ZHXgDq/KvniuLTPdeM8wY2o6Dj3WQ7KeQCj3cA==}
    engines: {node: '>=0.10.0'}

  set-cookie-parser@2.7.1:
    resolution: {integrity: sha512-IOc8uWeOZgnb3ptbCURJWNjWUPcO3ZnTTdzsurqERrP6nPyv+paC55vJM0LpOlT2ne+Ix+9+CRG1MNLlyZ4GjQ==}

  set-harmonic-interval@1.0.1:
    resolution: {integrity: sha512-AhICkFV84tBP1aWqPwLZqFvAwqEoVA9kxNMniGEUvzOlm4vLmOFLiTT3UZ6bziJTy4bOVpzWGTfSCbmaayGx8g==}
    engines: {node: '>=6.9'}

  shallowequal@1.1.0:
    resolution: {integrity: sha512-y0m1JoUZSlPAjXVtPPW70aZWfIL/dSP7AFkRnniLCrK/8MDKog3TySTBmckD+RObVxH0v4Tox67+F14PdED2oQ==}

  source-map-js@1.2.1:
    resolution: {integrity: sha512-UXWMKhLOwVKb728IUtQPXxfYU+usdybtUrK/8uGE8CQMvrhOpwvzDBwj0QhSL7MQc7vIsISBG8VQ8+IDQxpfQA==}
    engines: {node: '>=0.10.0'}

  source-map@0.5.6:
    resolution: {integrity: sha512-MjZkVp0NHr5+TPihLcadqnlVoGIoWo4IBHptutGh9wI3ttUYvCG26HkSuDi+K6lsZ25syXJXcctwgyVCt//xqA==}
    engines: {node: '>=0.10.0'}

  source-map@0.6.1:
    resolution: {integrity: sha512-UjgapumWlbMhkBgzT7Ykc5YXUT46F0iKu8SGXq0bcwP5dz/h0Plj6enJqjz1Zbq2l5WaqYnrVbwWOWMyF3F47g==}
    engines: {node: '>=0.10.0'}

  stack-generator@2.0.10:
    resolution: {integrity: sha512-mwnua/hkqM6pF4k8SnmZ2zfETsRUpWXREfA/goT8SLCV4iOFa4bzOX2nDipWAZFPTjLvQB82f5yaodMVhK0yJQ==}

  stackframe@1.3.4:
    resolution: {integrity: sha512-oeVtt7eWQS+Na6F//S4kJ2K2VbRlS9D43mAlMyVpVWovy9o+jfgH8O9agzANzaiLjclA0oYzUXEM4PurhSUChw==}

  stacktrace-gps@3.1.2:
    resolution: {integrity: sha512-GcUgbO4Jsqqg6RxfyTHFiPxdPqF+3LFmQhm7MgCuYQOYuWyqxo5pwRPz5d/u6/WYJdEnWfK4r+jGbyD8TSggXQ==}

  stacktrace-js@2.0.2:
    resolution: {integrity: sha512-Je5vBeY4S1r/RnLydLl0TBTi3F2qdfWmYsGvtfZgEI+SCprPppaIhQf5nGcal4gI4cGpCV/duLcAzT1np6sQqg==}

  styled-components@6.1.19:
    resolution: {integrity: sha512-1v/e3Dl1BknC37cXMhwGomhO8AkYmN41CqyX9xhUDxry1ns3BFQy2lLDRQXJRdVVWB9OHemv/53xaStimvWyuA==}
    engines: {node: '>= 16'}
    peerDependencies:
      react: '>= 16.8.0'
      react-dom: '>= 16.8.0'

  stylis@4.3.2:
    resolution: {integrity: sha512-bhtUjWd/z6ltJiQwg0dUfxEJ+W+jdqQd8TbWLWyeIJHlnsqmGLRFFd8e5mA0AZi/zx90smXRlN66YMTcaSFifg==}

  stylis@4.3.6:
    resolution: {integrity: sha512-yQ3rwFWRfwNUY7H5vpU0wfdkNSnvnJinhF9830Swlaxl03zsOjCfmX0ugac+3LtK0lYSgwL/KXc8oYL3mG4YFQ==}

  throttle-debounce@3.0.1:
    resolution: {integrity: sha512-dTEWWNu6JmeVXY0ZYoPuH5cRIwc0MeGbJwah9KUNYSJwommQpCzTySTpEe8Gs1J23aeWEuAobe4Ag7EHVt/LOg==}
    engines: {node: '>=10'}

  toggle-selection@1.0.6:
    resolution: {integrity: sha512-BiZS+C1OS8g/q2RRbJmy59xpyghNBqrr6k5L/uKBGRsTfxmu3ffiRnd8mlGPUVayg8pvfi5urfnu8TU7DVOkLQ==}

  ts-easing@0.2.0:
    resolution: {integrity: sha512-Z86EW+fFFh/IFB1fqQ3/+7Zpf9t2ebOAxNI/V6Wo7r5gqiqtxmgTlQ1qbqQcjLKYeSHPTsEmvlJUDg/EuL0uHQ==}

  tslib@2.6.2:
    resolution: {integrity: sha512-AEYxH93jGFPn/a2iVAwW87VuUIkR1FVUKB77NwMF7nBTDkDrrT/Hpt/IrCJ0QXhW27jTBDcf5ZY7w6RiqTMw2Q==}

  tslib@2.8.1:
    resolution: {integrity: sha512-oJFu94HQb+KVduSUQL7wnpmqnfmLsOA/nAh6b6EH0wCEoK0/mPeXU6c3wKDV83MkOuHPRHtSXKKU99IBazS/2w==}

  uuid@9.0.1:
    resolution: {integrity: sha512-b+1eJOlsR9K8HJpow9Ok3fiWOWSIcIzXodvv0rQjVoOVNpWMpxf1wZNpt4y9h10odCNrqnYp1OBzRktckBe3sA==}
    hasBin: true

snapshots:

  '@babel/runtime@7.28.4': {}

  '@emotion/is-prop-valid@1.2.2':
    dependencies:
      '@emotion/memoize': 0.8.1

  '@emotion/memoize@0.8.1': {}

  '@emotion/unitless@0.8.1': {}

  '@giphy/colors@1.0.1': {}

  '@giphy/js-analytics@5.0.0':
    dependencies:
      '@giphy/js-types': 5.1.0
      '@giphy/js-util': 5.2.0
      append-query: 2.1.1
      throttle-debounce: 3.0.1

  '@giphy/js-fetch-api@5.7.0':
    dependencies:
      '@giphy/js-types': 5.1.0
      '@giphy/js-util': 5.2.0

  '@giphy/js-types@5.1.0': {}

  '@giphy/js-util@5.2.0':
    dependencies:
      '@giphy/js-types': 5.1.0
      uuid: 9.0.1

  '@giphy/react-components@10.1.0(react-dom@19.0.0(react@19.0.0))(react@19.0.0)(styled-components@6.1.19(react-dom@19.0.0(react@19.0.0))(react@19.0.0))':
    dependencies:
      '@giphy/colors': 1.0.1
      '@giphy/js-analytics': 5.0.0
      '@giphy/js-fetch-api': 5.7.0
      '@giphy/js-types': 5.1.0
      '@giphy/js-util': 5.2.0
      intersection-observer: 0.12.2
      react: 19.0.0
      react-use: 17.6.0(react-dom@19.0.0(react@19.0.0))(react@19.0.0)
      styled-components: 6.1.19(react-dom@19.0.0(react@19.0.0))(react@19.0.0)
      throttle-debounce: 3.0.1
    transitivePeerDependencies:
      - react-dom

  '@jridgewell/sourcemap-codec@1.5.5': {}

  '@types/canvas-confetti@1.9.0': {}

  '@types/js-cookie@2.2.7': {}

  '@types/stylis@4.2.5': {}

  '@xobotyi/scrollbar-width@1.9.5': {}

  append-query@2.1.1:
    dependencies:
      extend: 3.0.2

  camelize@1.0.1: {}

  canvas-confetti@1.9.3: {}

  cookie@1.0.2: {}

  copy-to-clipboard@3.3.3:
    dependencies:
      toggle-selection: 1.0.6

  css-color-keywords@1.0.0: {}

  css-in-js-utils@3.1.0:
    dependencies:
      hyphenate-style-name: 1.1.0

  css-to-react-native@3.2.0:
    dependencies:
      camelize: 1.0.1
      css-color-keywords: 1.0.0
      postcss-value-parser: 4.2.0

  css-tree@1.1.3:
    dependencies:
      mdn-data: 2.0.14
      source-map: 0.6.1

  csstype@3.1.3: {}

  error-stack-parser@2.1.4:
    dependencies:
      stackframe: 1.3.4

  extend@3.0.2: {}

  fast-deep-equal@3.1.3: {}

  fast-shallow-equal@1.0.0: {}

  fastest-stable-stringify@2.0.2: {}

  hyphenate-style-name@1.1.0: {}

  inline-style-prefixer@7.0.1:
    dependencies:
      css-in-js-utils: 3.1.0

  intersection-observer@0.12.2: {}

  js-cookie@2.2.1: {}

  mdn-data@2.0.14: {}

  nano-css@5.6.2(react-dom@19.0.0(react@19.0.0))(react@19.0.0):
    dependencies:
      '@jridgewell/sourcemap-codec': 1.5.5
      css-tree: 1.1.3
      csstype: 3.1.3
      fastest-stable-stringify: 2.0.2
      inline-style-prefixer: 7.0.1
      react: 19.0.0
      react-dom: 19.0.0(react@19.0.0)
      rtl-css-js: 1.16.1
      stacktrace-js: 2.0.2
      stylis: 4.3.6

  nanoid@3.3.11: {}

  picocolors@1.1.1: {}

  postcss-value-parser@4.2.0: {}

  postcss@8.4.49:
    dependencies:
      nanoid: 3.3.11
      picocolors: 1.1.1
      source-map-js: 1.2.1

  react-dom@19.0.0(react@19.0.0):
    dependencies:
      react: 19.0.0
      scheduler: 0.25.0

  react-router@7.9.4(react-dom@19.0.0(react@19.0.0))(react@19.0.0):
    dependencies:
      cookie: 1.0.2
      react: 19.0.0
      set-cookie-parser: 2.7.1
    optionalDependencies:
      react-dom: 19.0.0(react@19.0.0)

  react-universal-interface@0.6.2(react@19.0.0)(tslib@2.8.1):
    dependencies:
      react: 19.0.0
      tslib: 2.8.1

  react-use@17.6.0(react-dom@19.0.0(react@19.0.0))(react@19.0.0):
    dependencies:
      '@types/js-cookie': 2.2.7
      '@xobotyi/scrollbar-width': 1.9.5
      copy-to-clipboard: 3.3.3
      fast-deep-equal: 3.1.3
      fast-shallow-equal: 1.0.0
      js-cookie: 2.2.1
      nano-css: 5.6.2(react-dom@19.0.0(react@19.0.0))(react@19.0.0)
      react: 19.0.0
      react-dom: 19.0.0(react@19.0.0)
      react-universal-interface: 0.6.2(react@19.0.0)(tslib@2.8.1)
      resize-observer-polyfill: 1.5.1
      screenfull: 5.2.0
      set-harmonic-interval: 1.0.1
      throttle-debounce: 3.0.1
      ts-easing: 0.2.0
      tslib: 2.8.1

  react@19.0.0: {}

  resize-observer-polyfill@1.5.1: {}

  rtl-css-js@1.16.1:
    dependencies:
      '@babel/runtime': 7.28.4

  scheduler@0.25.0: {}

  screenfull@5.2.0: {}

  set-cookie-parser@2.7.1: {}

  set-harmonic-interval@1.0.1: {}

  shallowequal@1.1.0: {}

  source-map-js@1.2.1: {}

  source-map@0.5.6: {}

  source-map@0.6.1: {}

  stack-generator@2.0.10:
    dependencies:
      stackframe: 1.3.4

  stackframe@1.3.4: {}

  stacktrace-gps@3.1.2:
    dependencies:
      source-map: 0.5.6
      stackframe: 1.3.4

  stacktrace-js@2.0.2:
    dependencies:
      error-stack-parser: 2.1.4
      stack-generator: 2.0.10
      stacktrace-gps: 3.1.2

  styled-components@6.1.19(react-dom@19.0.0(react@19.0.0))(react@19.0.0):
    dependencies:
      '@emotion/is-prop-valid': 1.2.2
      '@emotion/unitless': 0.8.1
      '@types/stylis': 4.2.5
      css-to-react-native: 3.2.0
      csstype: 3.1.3
      postcss: 8.4.49
      react: 19.0.0
      react-dom: 19.0.0(react@19.0.0)
      shallowequal: 1.1.0
      stylis: 4.3.2
      tslib: 2.6.2

  stylis@4.3.2: {}

  stylis@4.3.6: {}

  throttle-debounce@3.0.1: {}

  toggle-selection@1.0.6: {}

  ts-easing@0.2.0: {}

  tslib@2.6.2: {}

  tslib@2.8.1: {}

  uuid@9.0.1: {}
